// !$*UTF8*$!
{
	archiveVersion = 1;
	classes = {
	};
	objectVersion = 46;
	objects = {

/* Begin PBXBuildFile section */
		974267DA16385BA600C696C8 /* UIKit.framework in Frameworks */ = {isa = PBXBuildFile; fileRef = 974267D916385BA500C696C8 /* UIKit.framework */; };
		974267DC16385BA600C696C8 /* Foundation.framework in Frameworks */ = {isa = PBXBuildFile; fileRef = 974267DB16385BA600C696C8 /* Foundation.framework */; };
		974267DE16385BA600C696C8 /* CoreGraphics.framework in Frameworks */ = {isa = PBXBuildFile; fileRef = 974267DD16385BA600C696C8 /* CoreGraphics.framework */; };
		974267E416385BA600C696C8 /* InfoPlist.strings in Resources */ = {isa = PBXBuildFile; fileRef = 974267E216385BA600C696C8 /* InfoPlist.strings */; };
		974267E616385BA600C696C8 /* main.m in Sources */ = {isa = PBXBuildFile; fileRef = 974267E516385BA600C696C8 /* main.m */; };
		974267EA16385BA600C696C8 /* CalculatorAppDelegate.m in Sources */ = {isa = PBXBuildFile; fileRef = 974267E916385BA600C696C8 /* CalculatorAppDelegate.m */; };
		974267EC16385BA600C696C8 /* Default.png in Resources */ = {isa = PBXBuildFile; fileRef = 974267EB16385BA600C696C8 /* Default.png */; };
		974267EE16385BA600C696C8 /* Default@2x.png in Resources */ = {isa = PBXBuildFile; fileRef = 974267ED16385BA600C696C8 /* Default@2x.png */; };
		974267F016385BA600C696C8 /* Default-568h@2x.png in Resources */ = {isa = PBXBuildFile; fileRef = 974267EF16385BA600C696C8 /* Default-568h@2x.png */; };
		974267F316385BA600C696C8 /* MainStoryboard.storyboard in Resources */ = {isa = PBXBuildFile; fileRef = 974267F116385BA600C696C8 /* MainStoryboard.storyboard */; };
		974267F616385BA600C696C8 /* CalculatorViewController.m in Sources */ = {isa = PBXBuildFile; fileRef = 974267F516385BA600C696C8 /* CalculatorViewController.m */; };
		974267FE1638694D00C696C8 /* CalculatorModel.m in Sources */ = {isa = PBXBuildFile; fileRef = 974267FD1638694D00C696C8 /* CalculatorModel.m */; };
/* End PBXBuildFile section */

/* Begin PBXFileReference section */
		974267D516385BA500C696C8 /* Calculator.app */ = {isa = PBXFileReference; explicitFileType = wrapper.application; includeInIndex = 0; path = Calculator.app; sourceTree = BUILT_PRODUCTS_DIR; };
		974267D916385BA500C696C8 /* UIKit.framework */ = {isa = PBXFileReference; lastKnownFileType = wrapper.framework; name = UIKit.framework; path = System/Library/Frameworks/UIKit.framework; sourceTree = SDKROOT; };
		974267DB16385BA600C696C8 /* Foundation.framework */ = {isa = PBXFileReference; lastKnownFileType = wrapper.framework; name = Foundation.framework; path = System/Library/Frameworks/Foundation.framework; sourceTree = SDKROOT; };
		974267DD16385BA600C696C8 /* CoreGraphics.framework */ = {isa = PBXFileReference; lastKnownFileType = wrapper.framework; name = CoreGraphics.framework; path = System/Library/Frameworks/CoreGraphics.framework; sourceTree = SDKROOT; };
		974267E116385BA600C696C8 /* Calculator-Info.plist */ = {isa = PBXFileReference; lastKnownFileType = text.plist.xml; path = "Calculator-Info.plist"; sourceTree = "<group>"; };
		974267E316385BA600C696C8 /* en */ = {isa = PBXFileReference; lastKnownFileType = text.plist.strings; name = en; path = en.lproj/InfoPlist.strings; sourceTree = "<group>"; };
		974267E516385BA600C696C8 /* main.m */ = {isa = PBXFileReference; lastKnownFileType = sourcecode.c.objc; path = main.m; sourceTree = "<group>"; };
		974267E716385BA600C696C8 /* Calculator-Prefix.pch */ = {isa = PBXFileReference; lastKnownFileType = sourcecode.c.h; path = "Calculator-Prefix.pch"; sourceTree = "<group>"; };
		974267E816385BA600C696C8 /* CalculatorAppDelegate.h */ = {isa = PBXFileReference; lastKnownFileType = sourcecode.c.h; path = CalculatorAppDelegate.h; sourceTree = "<group>"; };
		974267E916385BA600C696C8 /* CalculatorAppDelegate.m */ = {isa = PBXFileReference; lastKnownFileType = sourcecode.c.objc; path = CalculatorAppDelegate.m; sourceTree = "<group>"; };
		974267EB16385BA600C696C8 /* Default.png */ = {isa = PBXFileReference; lastKnownFileType = image.png; path = Default.png; sourceTree = "<group>"; };
		974267ED16385BA600C696C8 /* Default@2x.png */ = {isa = PBXFileReference; lastKnownFileType = image.png; path = "Default@2x.png"; sourceTree = "<group>"; };
		974267EF16385BA600C696C8 /* Default-568h@2x.png */ = {isa = PBXFileReference; lastKnownFileType = image.png; path = "Default-568h@2x.png"; sourceTree = "<group>"; };
		974267F216385BA600C696C8 /* en */ = {isa = PBXFileReference; lastKnownFileType = file.storyboard; name = en; path = en.lproj/MainStoryboard.storyboard; sourceTree = "<group>"; };
		974267F416385BA600C696C8 /* CalculatorViewController.h */ = {isa = PBXFileReference; lastKnownFileType = sourcecode.c.h; path = CalculatorViewController.h; sourceTree = "<group>"; };
		974267F516385BA600C696C8 /* CalculatorViewController.m */ = {isa = PBXFileReference; lastKnownFileType = sourcecode.c.objc; path = CalculatorViewController.m; sourceTree = "<group>"; };
		974267FC1638694D00C696C8 /* CalculatorModel.h */ = {isa = PBXFileReference; fileEncoding = 4; lastKnownFileType = sourcecode.c.h; path = CalculatorModel.h; sourceTree = "<group>"; };
		974267FD1638694D00C696C8 /* CalculatorModel.m */ = {isa = PBXFileReference; fileEncoding = 4; lastKnownFileType = sourcecode.c.objc; path = CalculatorModel.m; sourceTree = "<group>"; };
/* End PBXFileReference section */

/* Begin PBXFrameworksBuildPhase section */
		974267D216385BA500C696C8 /* Frameworks */ = {
			isa = PBXFrameworksBuildPhase;
			buildActionMask = 2147483647;
			files = (
				974267DA16385BA600C696C8 /* UIKit.framework in Frameworks */,
				974267DC16385BA600C696C8 /* Foundation.framework in Frameworks */,
				974267DE16385BA600C696C8 /* CoreGraphics.framework in Frameworks */,
			);
			runOnlyForDeploymentPostprocessing = 0;
		};
/* End PBXFrameworksBuildPhase section */

/* Begin PBXGroup section */
		974267CA16385BA500C696C8 = {
			isa = PBXGroup;
			children = (
				974267DF16385BA600C696C8 /* Calculator */,
				974267D816385BA500C696C8 /* Frameworks */,
				974267D616385BA500C696C8 /* Products */,
			);
			sourceTree = "<group>";
		};
		974267D616385BA500C696C8 /* Products */ = {
			isa = PBXGroup;
			children = (
				974267D516385BA500C696C8 /* Calculator.app */,
			);
			name = Products;
			sourceTree = "<group>";
		};
		974267D816385BA500C696C8 /* Frameworks */ = {
			isa = PBXGroup;
			children = (
				974267D916385BA500C696C8 /* UIKit.framework */,
				974267DB16385BA600C696C8 /* Foundation.framework */,
				974267DD16385BA600C696C8 /* CoreGraphics.framework */,
			);
			name = Frameworks;
			sourceTree = "<group>";
		};
		974267DF16385BA600C696C8 /* Calculator */ = {
			isa = PBXGroup;
			children = (
				974267E816385BA600C696C8 /* CalculatorAppDelegate.h */,
				974267FC1638694D00C696C8 /* CalculatorModel.h */,
				974267FD1638694D00C696C8 /* CalculatorModel.m */,
				974267E916385BA600C696C8 /* CalculatorAppDelegate.m */,
				974267F116385BA600C696C8 /* MainStoryboard.storyboard */,
				974267F416385BA600C696C8 /* CalculatorViewController.h */,
				974267F516385BA600C696C8 /* CalculatorViewController.m */,
				974267E016385BA600C696C8 /* Supporting Files */,
			);
			path = Calculator;
			sourceTree = "<group>";
		};
		974267E016385BA600C696C8 /* Supporting Files */ = {
			isa = PBXGroup;
			children = (
				974267E116385BA600C696C8 /* Calculator-Info.plist */,
				974267E216385BA600C696C8 /* InfoPlist.strings */,
				974267E516385BA600C696C8 /* main.m */,
				974267E716385BA600C696C8 /* Calculator-Prefix.pch */,
				974267EB16385BA600C696C8 /* Default.png */,
				974267ED16385BA600C696C8 /* Default@2x.png */,
				974267EF16385BA600C696C8 /* Default-568h@2x.png */,
			);
			name = "Supporting Files";
			sourceTree = "<group>";
		};
/* End PBXGroup section */

/* Begin PBXNativeTarget section */
		974267D416385BA500C696C8 /* Calculator */ = {
			isa = PBXNativeTarget;
			buildConfigurationList = 974267F916385BA600C696C8 /* Build configuration list for PBXNativeTarget "Calculator" */;
			buildPhases = (
				974267D116385BA500C696C8 /* Sources */,
				974267D216385BA500C696C8 /* Frameworks */,
				974267D316385BA500C696C8 /* Resources */,
			);
			buildRules = (
			);
			dependencies = (
			);
			name = Calculator;
			productName = Calculator;
			productReference = 974267D516385BA500C696C8 /* Calculator.app */;
			productType = "com.apple.product-type.application";
		};
/* End PBXNativeTarget section */

/* Begin PBXProject section */
		974267CC16385BA500C696C8 /* Project object */ = {
			isa = PBXProject;
			attributes = {
				CLASSPREFIX = Calculator;
				LastUpgradeCheck = 0450;
				ORGANIZATIONNAME = "Hussain Miah";
			};
			buildConfigurationList = 974267CF16385BA500C696C8 /* Build configuration list for PBXProject "Calculator" */;
			compatibilityVersion = "Xcode 3.2";
			developmentRegion = English;
			hasScannedForEncodings = 0;
			knownRegions = (
				en,
			);
			mainGroup = 974267CA16385BA500C696C8;
			productRefGroup = 974267D616385BA500C696C8 /* Products */;
			projectDirPath = "";
			projectRoot = "";
			targets = (
				974267D416385BA500C696C8 /* Calculator */,
			);
		};
/* End PBXProject section */

/* Begin PBXResourcesBuildPhase section */
		974267D316385BA500C696C8 /* Resources */ = {
			isa = PBXResourcesBuildPhase;
			buildActionMask = 2147483647;
			files = (
				974267E416385BA600C696C8 /* InfoPlist.strings in Resources */,
				974267EC16385BA600C696C8 /* Default.png in Resources */,
				974267EE16385BA600C696C8 /* Default@2x.png in Resources */,
				974267F016385BA600C696C8 /* Default-568h@2x.png in Resources */,
				974267F316385BA600C696C8 /* MainStoryboard.storyboard in Resources */,
			);
			runOnlyForDeploymentPostprocessing = 0;
		};
/* End PBXResourcesBuildPhase section */

/* Begin PBXSourcesBuildPhase section */
		974267D116385BA500C696C8 /* Sources */ = {
			isa = PBXSourcesBuildPhase;
			buildActionMask = 2147483647;
			files = (
				974267E616385BA600C696C8 /* main.m in Sources */,
				974267EA16385BA600C696C8 /* CalculatorAppDelegate.m in Sources */,
				974267F616385BA600C696C8 /* CalculatorViewController.m in Sources */,
				974267FE1638694D00C696C8 /* CalculatorModel.m in Sources */,
			);
			runOnlyForDeploymentPostprocessing = 0;
		};
/* End PBXSourcesBuildPhase section */

/* Begin PBXVariantGroup section */
		974267E216385BA600C696C8 /* InfoPlist.strings */ = {
			isa = PBXVariantGroup;
			children = (
				974267E316385BA600C696C8 /* en */,
			);
			name = InfoPlist.strings;
			sourceTree = "<group>";
		};
		974267F116385BA600C696C8 /* MainStoryboard.storyboard */ = {
			isa = PBXVariantGroup;
			children = (
				974267F216385BA600C696C8 /* en */,
			);
			name = MainStoryboard.storyboard;
			sourceTree = "<group>";
		};
/* End PBXVariantGroup section */

/* Begin XCBuildConfiguration section */
		974267F716385BA600C696C8 /* Debug */ = {
			isa = XCBuildConfiguration;
			buildSettings = {
				ALWAYS_SEARCH_USER_PATHS = NO;
				CLANG_CXX_LANGUAGE_STANDARD = "gnu++0x";
				CLANG_CXX_LIBRARY = "libc++";
				CLANG_ENABLE_OBJC_ARC = YES;
				CLANG_WARN_EMPTY_BODY = YES;
				CLANG_WARN__DUPLICATE_METHOD_MATCH = YES;
				"CODE_SIGN_IDENTITY[sdk=iphoneos*]" = "iPhone Developer";
				COPY_PHASE_STRIP = NO;
				GCC_C_LANGUAGE_STANDARD = gnu99;
				GCC_DYNAMIC_NO_PIC = NO;
				GCC_OPTIMIZATION_LEVEL = 0;
				GCC_PREPROCESSOR_DEFINITIONS = (
					"DEBUG=1",
					"$(inherited)",
				);
				GCC_SYMBOLS_PRIVATE_EXTERN = NO;
				GCC_WARN_ABOUT_RETURN_TYPE = YES;
				GCC_WARN_UNINITIALIZED_AUTOS = YES;
				GCC_WARN_UNUSED_VARIABLE = YES;
				IPHONEOS_DEPLOYMENT_TARGET = 6.0;
				ONLY_ACTIVE_ARCH = YES;
				SDKROOT = iphoneos;
			};
			name = Debug;
		};
		974267F816385BA600C696C8 /* Release */ = {
			isa = XCBuildConfiguration;
			buildSettings = {
				ALWAYS_SEARCH_USER_PATHS = NO;
				CLANG_CXX_LANGUAGE_STANDARD = "gnu++0x";
				CLANG_CXX_LIBRARY = "libc++";
				CLANG_ENABLE_OBJC_ARC = YES;
				CLANG_WARN_EMPTY_BODY = YES;
				CLANG_WARN__DUPLICATE_METHOD_MATCH = YES;
				"CODE_SIGN_IDENTITY[sdk=iphoneos*]" = "iPhone Developer";
				COPY_PHASE_STRIP = YES;
				GCC_C_LANGUAGE_STANDARD = gnu99;
				GCC_WARN_ABOUT_RETURN_TYPE = YES;
				GCC_WARN_UNINITIALIZED_AUTOS = YES;
				GCC_WARN_UNUSED_VARIABLE = YES;
				IPHONEOS_DEPLOYMENT_TARGET = 6.0;
				OTHER_CFLAGS = "-DNS_BLOCK_ASSERTIONS=1";
				SDKROOT = iphoneos;
				VALIDATE_PRODUCT = YES;
			};
			name = Release;
		};
		974267FA16385BA600C696C8 /* Debug */ = {
			isa = XCBuildConfiguration;
			buildSettings = {
				GCC_PRECOMPILE_PREFIX_HEADER = YES;
				GCC_PREFIX_HEADER = "Calculator/Calculator-Prefix.pch";
				INFOPLIST_FILE = "Calculator/Calculator-Info.plist";
				PRODUCT_NAME = "$(TARGET_NAME)";
				WRAPPER_EXTENSION = app;
			};
			name = Debug;
		};
		974267FB16385BA600C696C8 /* Release */ = {
			isa = XCBuildConfiguration;
			buildSettings = {
				GCC_PRECOMPILE_PREFIX_HEADER = YES;
				GCC_PREFIX_HEADER = "Calculator/Calculator-Prefix.pch";
				INFOPLIST_FILE = "Calculator/Calculator-Info.plist";
				PRODUCT_NAME = "$(TARGET_NAME)";
				WRAPPER_EXTENSION = app;
			};
			name = Release;
		};
/* End XCBuildConfiguration section */

/* Begin XCConfigurationList section */
		974267CF16385BA500C696C8 /* Build configuration list for PBXProject "Calculator" */ = {
			isa = XCConfigurationList;
			buildConfigurations = (
				974267F716385BA600C696C8 /* Debug */,
				974267F816385BA600C696C8 /* Release */,
			);
			defaultConfigurationIsVisible = 0;
			defaultConfigurationName = Release;
		};
		974267F916385BA600C696C8 /* Build configuration list for PBXNativeTarget "Calculator" */ = {
			isa = XCConfigurationList;
			buildConfigurations = (
				974267FA16385BA600C696C8 /* Debug */,
				974267FB16385BA600C696C8 /* Release */,
			);
			defaultConfigurationIsVisible = 0;
		};
/* End XCConfigurationList section */
	};
	rootObject = 974267CC16385BA500C696C8 /* Project object */;
}
